// !$*UTF8*$!
{
	archiveVersion = 1;
	classes = {
	};
	objectVersion = 46;
	objects = {

/* Begin PBXBuildFile section */
		59637FC11D3FF84000077A3C /* AppDelegate.swift in Sources */ = {isa = PBXBuildFile; fileRef = 59637FC01D3FF84000077A3C /* AppDelegate.swift */; };
		59637FC31D3FF84000077A3C /* ViewController.swift in Sources */ = {isa = PBXBuildFile; fileRef = 59637FC21D3FF84000077A3C /* ViewController.swift */; };
		59637FC61D3FF84000077A3C /* Main.storyboard in Resources */ = {isa = PBXBuildFile; fileRef = 59637FC41D3FF84000077A3C /* Main.storyboard */; };
		59637FC81D3FF84000077A3C /* Assets.xcassets in Resources */ = {isa = PBXBuildFile; fileRef = 59637FC71D3FF84000077A3C /* Assets.xcassets */; };
		59637FCB1D3FF84000077A3C /* LaunchScreen.storyboard in Resources */ = {isa = PBXBuildFile; fileRef = 59637FC91D3FF84000077A3C /* LaunchScreen.storyboard */; };
/* End PBXBuildFile section */

/* Begin PBXFileReference section */
		59637FBD1D3FF84000077A3C /* calculater.app */ = {isa = PBXFileReference; explicitFileType = wrapper.application; includeInIndex = 0; path = calculater.app; sourceTree = BUILT_PRODUCTS_DIR; };
		59637FC01D3FF84000077A3C /* AppDelegate.swift */ = {isa = PBXFileReference; lastKnownFileType = sourcecode.swift; path = AppDelegate.swift; sourceTree = "<group>"; };
		59637FC21D3FF84000077A3C /* ViewController.swift */ = {isa = PBXFileReference; lastKnownFileType = sourcecode.swift; path = ViewController.swift; sourceTree = "<group>"; };
		59637FC51D3FF84000077A3C /* Base */ = {isa = PBXFileReference; lastKnownFileType = file.storyboard; name = Base; path = Base.lproj/Main.storyboard; sourceTree = "<group>"; };
		59637FC71D3FF84000077A3C /* Assets.xcassets */ = {isa = PBXFileReference; lastKnownFileType = folder.assetcatalog; path = Assets.xcassets; sourceTree = "<group>"; };
		59637FCA1D3FF84000077A3C /* Base */ = {isa = PBXFileReference; lastKnownFileType = file.storyboard; name = Base; path = Base.lproj/LaunchScreen.storyboard; sourceTree = "<group>"; };
		59637FCC1D3FF84000077A3C /* Info.plist */ = {isa = PBXFileReference; lastKnownFileType = text.plist.xml; path = Info.plist; sourceTree = "<group>"; };
/* End PBXFileReference section */

/* Begin PBXFrameworksBuildPhase section */
		59637FBA1D3FF84000077A3C /* Frameworks */ = {
			isa = PBXFrameworksBuildPhase;
			buildActionMask = 2147483647;
			files = (
			);
			runOnlyForDeploymentPostprocessing = 0;
		};
/* End PBXFrameworksBuildPhase section */

/* Begin PBXGroup section */
		59637FB41D3FF84000077A3C = {
			isa = PBXGroup;
			children = (
				59637FBF1D3FF84000077A3C /* calculater */,
				59637FBE1D3FF84000077A3C /* Products */,
			);
			sourceTree = "<group>";
		};
		59637FBE1D3FF84000077A3C /* Products */ = {
			isa = PBXGroup;
			children = (
				59637FBD1D3FF84000077A3C /* calculater.app */,
			);
			name = Products;
			sourceTree = "<group>";
		};
		59637FBF1D3FF84000077A3C /* calculater */ = {
			isa = PBXGroup;
			children = (
				59637FC01D3FF84000077A3C /* AppDelegate.swift */,
				59637FC21D3FF84000077A3C /* ViewController.swift */,
				59637FC41D3FF84000077A3C /* Main.storyboard */,
				59637FC71D3FF84000077A3C /* Assets.xcassets */,
				59637FC91D3FF84000077A3C /* LaunchScreen.storyboard */,
				59637FCC1D3FF84000077A3C /* Info.plist */,
			);
			path = calculater;
			sourceTree = "<group>";
		};
/* End PBXGroup section */

/* Begin PBXNativeTarget section */
		59637FBC1D3FF84000077A3C /* calculater */ = {
			isa = PBXNativeTarget;
			buildConfigurationList = 59637FCF1D3FF84000077A3C /* Build configuration list for PBXNativeTarget "calculater" */;
			buildPhases = (
				59637FB91D3FF84000077A3C /* Sources */,
				59637FBA1D3FF84000077A3C /* Frameworks */,
				59637FBB1D3FF84000077A3C /* Resources */,
			);
			buildRules = (
			);
			dependencies = (
			);
			name = calculater;
			productName = calculater;
			productReference = 59637FBD1D3FF84000077A3C /* calculater.app */;
			productType = "com.apple.product-type.application";
		};
/* End PBXNativeTarget section */

/* Begin PBXProject section */
		59637FB51D3FF84000077A3C /* Project object */ = {
			isa = PBXProject;
			attributes = {
				LastSwiftUpdateCheck = 0730;
				LastUpgradeCheck = 0730;
				ORGANIZATIONNAME = ShApps;
				TargetAttributes = {
					59637FBC1D3FF84000077A3C = {
						CreatedOnToolsVersion = 7.3.1;
					};
				};
			};
			buildConfigurationList = 59637FB81D3FF84000077A3C /* Build configuration list for PBXProject "calculater" */;
			compatibilityVersion = "Xcode 3.2";
			developmentRegion = English;
			hasScannedForEncodings = 0;
			knownRegions = (
				en,
				Base,
			);
			mainGroup = 59637FB41D3FF84000077A3C;
			productRefGroup = 59637FBE1D3FF84000077A3C /* Products */;
			projectDirPath = "";
			projectRoot = "";
			targets = (
				59637FBC1D3FF84000077A3C /* calculater */,
			);
		};
/* End PBXProject section */

/* Begin PBXResourcesBuildPhase section */
		59637FBB1D3FF84000077A3C /* Resources */ = {
			isa = PBXResourcesBuildPhase;
			buildActionMask = 2147483647;
			files = (
				59637FCB1D3FF84000077A3C /* LaunchScreen.storyboard in Resources */,
				59637FC81D3FF84000077A3C /* Assets.xcassets in Resources */,
				59637FC61D3FF84000077A3C /* Main.storyboard in Resources */,
			);
			runOnlyForDeploymentPostprocessing = 0;
		};
/* End PBXResourcesBuildPhase section */

/* Begin PBXSourcesBuildPhase section */
		59637FB91D3FF84000077A3C /* Sources */ = {
			isa = PBXSourcesBuildPhase;
			buildActionMask = 2147483647;
			files = (
				59637FC31D3FF84000077A3C /* ViewController.swift in Sources */,
				59637FC11D3FF84000077A3C /* AppDelegate.swift in Sources */,
			);
			runOnlyForDeploymentPostprocessing = 0;
		};
/* End PBXSourcesBuildPhase section */

/* Begin PBXVariantGroup section */
		59637FC41D3FF84000077A3C /* Main.storyboard */ = {
			isa = PBXVariantGroup;
			children = (
				59637FC51D3FF84000077A3C /* Base */,
			);
			name = Main.storyboard;
			sourceTree = "<group>";
		};
		59637FC91D3FF84000077A3C /* LaunchScreen.storyboard */ = {
			isa = PBXVariantGroup;
			children = (
				59637FCA1D3FF84000077A3C /* Base */,
			);
			name = LaunchScreen.storyboard;
			sourceTree = "<group>";
		};
/* End PBXVariantGroup section */

/* Begin XCBuildConfiguration section */
		59637FCD1D3FF84000077A3C /* Debug */ = {
			isa = XCBuildConfiguration;
			buildSettings = {
				ALWAYS_SEARCH_USER_PATHS = NO;
				CLANG_ANALYZER_NONNULL = YES;
				CLANG_CXX_LANGUAGE_STANDARD = "gnu++0x";
				CLANG_CXX_LIBRARY = "libc++";
				CLANG_ENABLE_MODULES = YES;
				CLANG_ENABLE_OBJC_ARC = YES;
				CLANG_WARN_BOOL_CONVERSION = YES;
				CLANG_WARN_CONSTANT_CONVERSION = YES;
				CLANG_WARN_DIRECT_OBJC_ISA_USAGE = YES_ERROR;
				CLANG_WARN_EMPTY_BODY = YES;
				CLANG_WARN_ENUM_CONVERSION = YES;
				CLANG_WARN_INT_CONVERSION = YES;
				CLANG_WARN_OBJC_ROOT_CLASS = YES_ERROR;
				CLANG_WARN_UNREACHABLE_CODE = YES;
				CLANG_WARN__DUPLICATE_METHOD_MATCH = YES;
				"CODE_SIGN_IDENTITY[sdk=iphoneos*]" = "iPhone Developer";
				COPY_PHASE_STRIP = NO;
				DEBUG_INFORMATION_FORMAT = dwarf;
				ENABLE_STRICT_OBJC_MSGSEND = YES;
				ENABLE_TESTABILITY = YES;
				GCC_C_LANGUAGE_STANDARD = gnu99;
				GCC_DYNAMIC_NO_PIC = NO;
				GCC_NO_COMMON_BLOCKS = YES;
				GCC_OPTIMIZATION_LEVEL = 0;
				GCC_PREPROCESSOR_DEFINITIONS = (
					"DEBUG=1",
					"$(inherited)",
				);
				GCC_WARN_64_TO_32_BIT_CONVERSION = YES;
				GCC_WARN_ABOUT_RETURN_TYPE = YES_ERROR;
				GCC_WARN_UNDECLARED_SELECTOR = YES;
				GCC_WARN_UNINITIALIZED_AUTOS = YES_AGGRESSIVE;
				GCC_WARN_UNUSED_FUNCTION = YES;
				GCC_WARN_UNUSED_VARIABLE = YES;
				IPHONEOS_DEPLOYMENT_TARGET = 9.3;
				MTL_ENABLE_DEBUG_INFO = YES;
				ONLY_ACTIVE_ARCH = YES;
				SDKROOT = iphoneos;
				SWIFT_OPTIMIZATION_LEVEL = "-Onone";
				TARGETED_DEVICE_FAMILY = "1,2";
			};
			name = Debug;
		};
		59637FCE1D3FF84000077A3C /* Release */ = {
			isa = XCBuildConfiguration;
			buildSettings = {
				ALWAYS_SEARCH_USER_PATHS = NO;
				CLANG_ANALYZER_NONNULL = YES;
				CLANG_CXX_LANGUAGE_STANDARD = "gnu++0x";
				CLANG_CXX_LIBRARY = "libc++";
				CLANG_ENABLE_MODULES = YES;
				CLANG_ENABLE_OBJC_ARC = YES;
				CLANG_WARN_BOOL_CONVERSION = YES;
				CLANG_WARN_CONSTANT_CONVERSION = YES;
				CLANG_WARN_DIRECT_OBJC_ISA_USAGE = YES_ERROR;
				CLANG_WARN_EMPTY_BODY = YES;
				CLANG_WARN_ENUM_CONVERSION = YES;
				CLANG_WARN_INT_CONVERSION = YES;
				CLANG_WARN_OBJC_ROOT_CLASS = YES_ERROR;
				CLANG_WARN_UNREACHABLE_CODE = YES;
				CLANG_WARN__DUPLICATE_METHOD_MATCH = YES;
				"CODE_SIGN_IDENTITY[sdk=iphoneos*]" = "iPhone Developer";
				COPY_PHASE_STRIP = NO;
				DEBUG_INFORMATION_FORMAT = "dwarf-with-dsym";
				ENABLE_NS_ASSERTIONS = NO;
				ENABLE_STRICT_OBJC_MSGSEND = YES;
				GCC_C_LANGUAGE_STANDARD = gnu99;
				GCC_NO_COMMON_BLOCKS = YES;
				GCC_WARN_64_TO_32_BIT_CONVERSION = YES;
				GCC_WARN_ABOUT_RETURN_TYPE = YES_ERROR;
				GCC_WARN_UNDECLARED_SELECTOR = YES;
				GCC_WARN_UNINITIALIZED_AUTOS = YES_AGGRESSIVE;
				GCC_WARN_UNUSED_FUNCTION = YES;
				GCC_WARN_UNUSED_VARIABLE = YES;
				IPHONEOS_DEPLOYMENT_TARGET = 9.3;
				MTL_ENABLE_DEBUG_INFO = NO;
				SDKROOT = iphoneos;
				TARGETED_DEVICE_FAMILY = "1,2";
				VALIDATE_PRODUCT = YES;
			};
			name = Release;
		};
		59637FD01D3FF84000077A3C /* Debug */ = {
			isa = XCBuildConfiguration;
			buildSettings = {
				ASSETCATALOG_COMPILER_APPICON_NAME = AppIcon;
				INFOPLIST_FILE = calculater/Info.plist;
				LD_RUNPATH_SEARCH_PATHS = "$(inherited) @executable_path/Frameworks";
				PRODUCT_BUNDLE_IDENTIFIER = shAppsdev.calculater;
				PRODUCT_NAME = "$(TARGET_NAME)";
			};
			name = Debug;
		};
		59637FD11D3FF84000077A3C /* Release */ = {
			isa = XCBuildConfiguration;
			buildSettings = {
				ASSETCATALOG_COMPILER_APPICON_NAME = AppIcon;
				INFOPLIST_FILE = calculater/Info.plist;
				LD_RUNPATH_SEARCH_PATHS = "$(inherited) @executable_path/Frameworks";
				PRODUCT_BUNDLE_IDENTIFIER = shAppsdev.calculater;
				PRODUCT_NAME = "$(TARGET_NAME)";
			};
			name = Release;
		};
/* End XCBuildConfiguration section */

/* Begin XCConfigurationList section */
		59637FB81D3FF84000077A3C /* Build configuration list for PBXProject "calculater" */ = {
			isa = XCConfigurationList;
			buildConfigurations = (
				59637FCD1D3FF84000077A3C /* Debug */,
				59637FCE1D3FF84000077A3C /* Release */,
			);
			defaultConfigurationIsVisible = 0;
			defaultConfigurationName = Release;
		};
		59637FCF1D3FF84000077A3C /* Build configuration list for PBXNativeTarget "calculater" */ = {
			isa = XCConfigurationList;
			buildConfigurations = (
				59637FD01D3FF84000077A3C /* Debug */,
				59637FD11D3FF84000077A3C /* Release */,
			);
			defaultConfigurationIsVisible = 0;
		};
/* End XCConfigurationList section */
	};
	rootObject = 59637FB51D3FF84000077A3C /* Project object */;
}
